
Microsoft Visual Studio Solution File, Format Version 12.00
# Visual Studio Express 14 for Web
VisualStudioVersion = 14.0.25420.1
MinimumVisualStudioVersion = 10.0.40219.1
Project("{FAE04EC0-301F-11D3-BF4B-00C04F79EFBC}") = "ContactAdminApp2", "ContactAdminApp2\ContactAdminApp2.csproj", "{729F5FA6-76B7-4B7B-998F-2671CD72A79B}"
EndProject
Global
	GlobalSection(SolutionConfigurationPlatforms) = preSolution
		Debug|Any CPU = Debug|Any CPU
		Release|Any CPU = Release|Any CPU
	EndGlobalSection
	GlobalSection(ProjectConfigurationPlatforms) = postSolution
		{729F5FA6-76B7-4B7B-998F-2671CD72A79B}.Debug|Any CPU.ActiveCfg = Debug|Any CPU
		{729F5FA6-76B7-4B7B-998F-2671CD72A79B}.Debug|Any CPU.Build.0 = Debug|Any CPU
		{729F5FA6-76B7-4B7B-998F-2671CD72A79B}.Release|Any CPU.ActiveCfg = Release|Any CPU
		{729F5FA6-76B7-4B7B-998F-2671CD72A79B}.Release|Any CPU.Build.0 = Release|Any CPU
	EndGlobalSection
	GlobalSection(SolutionProperties) = preSolution
		HideSolutionNode = FALSE
	EndGlobalSection
EndGlobal
